// !$*UTF8*$!
{
	archiveVersion = 1;
	classes = {
	};
	objectVersion = 50;
	objects = {

/* Begin PBXBuildFile section */
		C23DAC4727304DC9001309DF /* AppDelegate.swift in Sources */ = {isa = PBXBuildFile; fileRef = C23DAC4627304DC9001309DF /* AppDelegate.swift */; };
		C23DAC4927304DC9001309DF /* SceneDelegate.swift in Sources */ = {isa = PBXBuildFile; fileRef = C23DAC4827304DC9001309DF /* SceneDelegate.swift */; };
		C23DAC4B27304DC9001309DF /* ContentView.swift in Sources */ = {isa = PBXBuildFile; fileRef = C23DAC4A27304DC9001309DF /* ContentView.swift */; };
		C23DAC4D27304DCD001309DF /* Assets.xcassets in Resources */ = {isa = PBXBuildFile; fileRef = C23DAC4C27304DCD001309DF /* Assets.xcassets */; };
		C23DAC5027304DCD001309DF /* Preview Assets.xcassets in Resources */ = {isa = PBXBuildFile; fileRef = C23DAC4F27304DCD001309DF /* Preview Assets.xcassets */; };
		C23DAC5327304DCD001309DF /* LaunchScreen.storyboard in Resources */ = {isa = PBXBuildFile; fileRef = C23DAC5127304DCD001309DF /* LaunchScreen.storyboard */; };
		C23DAC5E27304DCD001309DF /* simple_calculatorTests.swift in Sources */ = {isa = PBXBuildFile; fileRef = C23DAC5D27304DCD001309DF /* simple_calculatorTests.swift */; };
		C23DAC6927304DCD001309DF /* simple_calculatorUITests.swift in Sources */ = {isa = PBXBuildFile; fileRef = C23DAC6827304DCD001309DF /* simple_calculatorUITests.swift */; };
		C23DAC7727305671001309DF /* .gitignore in Resources */ = {isa = PBXBuildFile; fileRef = C23DAC7627305671001309DF /* .gitignore */; };
/* End PBXBuildFile section */

/* Begin PBXContainerItemProxy section */
		C23DAC5A27304DCD001309DF /* PBXContainerItemProxy */ = {
			isa = PBXContainerItemProxy;
			containerPortal = C23DAC3B27304DC9001309DF /* Project object */;
			proxyType = 1;
			remoteGlobalIDString = C23DAC4227304DC9001309DF;
			remoteInfo = "simple calculator";
		};
		C23DAC6527304DCD001309DF /* PBXContainerItemProxy */ = {
			isa = PBXContainerItemProxy;
			containerPortal = C23DAC3B27304DC9001309DF /* Project object */;
			proxyType = 1;
			remoteGlobalIDString = C23DAC4227304DC9001309DF;
			remoteInfo = "simple calculator";
		};
/* End PBXContainerItemProxy section */

/* Begin PBXFileReference section */
		C23DAC4327304DC9001309DF /* simple calculator.app */ = {isa = PBXFileReference; explicitFileType = wrapper.application; includeInIndex = 0; path = "simple calculator.app"; sourceTree = BUILT_PRODUCTS_DIR; };
		C23DAC4627304DC9001309DF /* AppDelegate.swift */ = {isa = PBXFileReference; lastKnownFileType = sourcecode.swift; path = AppDelegate.swift; sourceTree = "<group>"; };
		C23DAC4827304DC9001309DF /* SceneDelegate.swift */ = {isa = PBXFileReference; lastKnownFileType = sourcecode.swift; path = SceneDelegate.swift; sourceTree = "<group>"; };
		C23DAC4A27304DC9001309DF /* ContentView.swift */ = {isa = PBXFileReference; lastKnownFileType = sourcecode.swift; path = ContentView.swift; sourceTree = "<group>"; };
		C23DAC4C27304DCD001309DF /* Assets.xcassets */ = {isa = PBXFileReference; lastKnownFileType = folder.assetcatalog; path = Assets.xcassets; sourceTree = "<group>"; };
		C23DAC4F27304DCD001309DF /* Preview Assets.xcassets */ = {isa = PBXFileReference; lastKnownFileType = folder.assetcatalog; path = "Preview Assets.xcassets"; sourceTree = "<group>"; };
		C23DAC5227304DCD001309DF /* Base */ = {isa = PBXFileReference; lastKnownFileType = file.storyboard; name = Base; path = Base.lproj/LaunchScreen.storyboard; sourceTree = "<group>"; };
		C23DAC5427304DCD001309DF /* Info.plist */ = {isa = PBXFileReference; lastKnownFileType = text.plist.xml; path = Info.plist; sourceTree = "<group>"; };
		C23DAC5927304DCD001309DF /* simple calculatorTests.xctest */ = {isa = PBXFileReference; explicitFileType = wrapper.cfbundle; includeInIndex = 0; path = "simple calculatorTests.xctest"; sourceTree = BUILT_PRODUCTS_DIR; };
		C23DAC5D27304DCD001309DF /* simple_calculatorTests.swift */ = {isa = PBXFileReference; lastKnownFileType = sourcecode.swift; path = simple_calculatorTests.swift; sourceTree = "<group>"; };
		C23DAC5F27304DCD001309DF /* Info.plist */ = {isa = PBXFileReference; lastKnownFileType = text.plist.xml; path = Info.plist; sourceTree = "<group>"; };
		C23DAC6427304DCD001309DF /* simple calculatorUITests.xctest */ = {isa = PBXFileReference; explicitFileType = wrapper.cfbundle; includeInIndex = 0; path = "simple calculatorUITests.xctest"; sourceTree = BUILT_PRODUCTS_DIR; };
		C23DAC6827304DCD001309DF /* simple_calculatorUITests.swift */ = {isa = PBXFileReference; lastKnownFileType = sourcecode.swift; path = simple_calculatorUITests.swift; sourceTree = "<group>"; };
		C23DAC6A27304DCD001309DF /* Info.plist */ = {isa = PBXFileReference; lastKnownFileType = text.plist.xml; path = Info.plist; sourceTree = "<group>"; };
		C23DAC7627305671001309DF /* .gitignore */ = {isa = PBXFileReference; lastKnownFileType = text; path = .gitignore; sourceTree = "<group>"; };
/* End PBXFileReference section */

/* Begin PBXFrameworksBuildPhase section */
		C23DAC4027304DC9001309DF /* Frameworks */ = {
			isa = PBXFrameworksBuildPhase;
			buildActionMask = 2147483647;
			files = (
			);
			runOnlyForDeploymentPostprocessing = 0;
		};
		C23DAC5627304DCD001309DF /* Frameworks */ = {
			isa = PBXFrameworksBuildPhase;
			buildActionMask = 2147483647;
			files = (
			);
			runOnlyForDeploymentPostprocessing = 0;
		};
		C23DAC6127304DCD001309DF /* Frameworks */ = {
			isa = PBXFrameworksBuildPhase;
			buildActionMask = 2147483647;
			files = (
			);
			runOnlyForDeploymentPostprocessing = 0;
		};
/* End PBXFrameworksBuildPhase section */

/* Begin PBXGroup section */
		C23DAC3A27304DC8001309DF = {
			isa = PBXGroup;
			children = (
				C23DAC7627305671001309DF /* .gitignore */,
				C23DAC4527304DC9001309DF /* simple calculator */,
				C23DAC5C27304DCD001309DF /* simple calculatorTests */,
				C23DAC6727304DCD001309DF /* simple calculatorUITests */,
				C23DAC4427304DC9001309DF /* Products */,
			);
			sourceTree = "<group>";
		};
		C23DAC4427304DC9001309DF /* Products */ = {
			isa = PBXGroup;
			children = (
				C23DAC4327304DC9001309DF /* simple calculator.app */,
				C23DAC5927304DCD001309DF /* simple calculatorTests.xctest */,
				C23DAC6427304DCD001309DF /* simple calculatorUITests.xctest */,
			);
			name = Products;
			sourceTree = "<group>";
		};
		C23DAC4527304DC9001309DF /* simple calculator */ = {
			isa = PBXGroup;
			children = (
				C23DAC4627304DC9001309DF /* AppDelegate.swift */,
				C23DAC4827304DC9001309DF /* SceneDelegate.swift */,
				C23DAC4A27304DC9001309DF /* ContentView.swift */,
				C23DAC4C27304DCD001309DF /* Assets.xcassets */,
				C23DAC5127304DCD001309DF /* LaunchScreen.storyboard */,
				C23DAC5427304DCD001309DF /* Info.plist */,
				C23DAC4E27304DCD001309DF /* Preview Content */,
			);
			path = "simple calculator";
			sourceTree = "<group>";
		};
		C23DAC4E27304DCD001309DF /* Preview Content */ = {
			isa = PBXGroup;
			children = (
				C23DAC4F27304DCD001309DF /* Preview Assets.xcassets */,
			);
			path = "Preview Content";
			sourceTree = "<group>";
		};
		C23DAC5C27304DCD001309DF /* simple calculatorTests */ = {
			isa = PBXGroup;
			children = (
				C23DAC5D27304DCD001309DF /* simple_calculatorTests.swift */,
				C23DAC5F27304DCD001309DF /* Info.plist */,
			);
			path = "simple calculatorTests";
			sourceTree = "<group>";
		};
		C23DAC6727304DCD001309DF /* simple calculatorUITests */ = {
			isa = PBXGroup;
			children = (
				C23DAC6827304DCD001309DF /* simple_calculatorUITests.swift */,
				C23DAC6A27304DCD001309DF /* Info.plist */,
			);
			path = "simple calculatorUITests";
			sourceTree = "<group>";
		};
/* End PBXGroup section */

/* Begin PBXNativeTarget section */
		C23DAC4227304DC9001309DF /* simple calculator */ = {
			isa = PBXNativeTarget;
			buildConfigurationList = C23DAC6D27304DCD001309DF /* Build configuration list for PBXNativeTarget "simple calculator" */;
			buildPhases = (
				C23DAC3F27304DC9001309DF /* Sources */,
				C23DAC4027304DC9001309DF /* Frameworks */,
				C23DAC4127304DC9001309DF /* Resources */,
			);
			buildRules = (
			);
			dependencies = (
			);
			name = "simple calculator";
			productName = "simple calculator";
			productReference = C23DAC4327304DC9001309DF /* simple calculator.app */;
			productType = "com.apple.product-type.application";
		};
		C23DAC5827304DCD001309DF /* simple calculatorTests */ = {
			isa = PBXNativeTarget;
			buildConfigurationList = C23DAC7027304DCD001309DF /* Build configuration list for PBXNativeTarget "simple calculatorTests" */;
			buildPhases = (
				C23DAC5527304DCD001309DF /* Sources */,
				C23DAC5627304DCD001309DF /* Frameworks */,
				C23DAC5727304DCD001309DF /* Resources */,
			);
			buildRules = (
			);
			dependencies = (
				C23DAC5B27304DCD001309DF /* PBXTargetDependency */,
			);
			name = "simple calculatorTests";
			productName = "simple calculatorTests";
			productReference = C23DAC5927304DCD001309DF /* simple calculatorTests.xctest */;
			productType = "com.apple.product-type.bundle.unit-test";
		};
		C23DAC6327304DCD001309DF /* simple calculatorUITests */ = {
			isa = PBXNativeTarget;
			buildConfigurationList = C23DAC7327304DCD001309DF /* Build configuration list for PBXNativeTarget "simple calculatorUITests" */;
			buildPhases = (
				C23DAC6027304DCD001309DF /* Sources */,
				C23DAC6127304DCD001309DF /* Frameworks */,
				C23DAC6227304DCD001309DF /* Resources */,
			);
			buildRules = (
			);
			dependencies = (
				C23DAC6627304DCD001309DF /* PBXTargetDependency */,
			);
			name = "simple calculatorUITests";
			productName = "simple calculatorUITests";
			productReference = C23DAC6427304DCD001309DF /* simple calculatorUITests.xctest */;
			productType = "com.apple.product-type.bundle.ui-testing";
		};
/* End PBXNativeTarget section */

/* Begin PBXProject section */
		C23DAC3B27304DC9001309DF /* Project object */ = {
			isa = PBXProject;
			attributes = {
				LastSwiftUpdateCheck = 1130;
				LastUpgradeCheck = 1130;
				ORGANIZATIONNAME = NewAgeDevs;
				TargetAttributes = {
					C23DAC4227304DC9001309DF = {
						CreatedOnToolsVersion = 11.3.1;
					};
					C23DAC5827304DCD001309DF = {
						CreatedOnToolsVersion = 11.3.1;
						TestTargetID = C23DAC4227304DC9001309DF;
					};
					C23DAC6327304DCD001309DF = {
						CreatedOnToolsVersion = 11.3.1;
						TestTargetID = C23DAC4227304DC9001309DF;
					};
				};
			};
			buildConfigurationList = C23DAC3E27304DC9001309DF /* Build configuration list for PBXProject "simple calculator" */;
			compatibilityVersion = "Xcode 9.3";
			developmentRegion = en;
			hasScannedForEncodings = 0;
			knownRegions = (
				en,
				Base,
			);
			mainGroup = C23DAC3A27304DC8001309DF;
			productRefGroup = C23DAC4427304DC9001309DF /* Products */;
			projectDirPath = "";
			projectRoot = "";
			targets = (
				C23DAC4227304DC9001309DF /* simple calculator */,
				C23DAC5827304DCD001309DF /* simple calculatorTests */,
				C23DAC6327304DCD001309DF /* simple calculatorUITests */,
			);
		};
/* End PBXProject section */

/* Begin PBXResourcesBuildPhase section */
		C23DAC4127304DC9001309DF /* Resources */ = {
			isa = PBXResourcesBuildPhase;
			buildActionMask = 2147483647;
			files = (
				C23DAC7727305671001309DF /* .gitignore in Resources */,
				C23DAC5327304DCD001309DF /* LaunchScreen.storyboard in Resources */,
				C23DAC5027304DCD001309DF /* Preview Assets.xcassets in Resources */,
				C23DAC4D27304DCD001309DF /* Assets.xcassets in Resources */,
			);
			runOnlyForDeploymentPostprocessing = 0;
		};
		C23DAC5727304DCD001309DF /* Resources */ = {
			isa = PBXResourcesBuildPhase;
			buildActionMask = 2147483647;
			files = (
			);
			runOnlyForDeploymentPostprocessing = 0;
		};
		C23DAC6227304DCD001309DF /* Resources */ = {
			isa = PBXResourcesBuildPhase;
			buildActionMask = 2147483647;
			files = (
			);
			runOnlyForDeploymentPostprocessing = 0;
		};
/* End PBXResourcesBuildPhase section */

/* Begin PBXSourcesBuildPhase section */
		C23DAC3F27304DC9001309DF /* Sources */ = {
			isa = PBXSourcesBuildPhase;
			buildActionMask = 2147483647;
			files = (
				C23DAC4727304DC9001309DF /* AppDelegate.swift in Sources */,
				C23DAC4927304DC9001309DF /* SceneDelegate.swift in Sources */,
				C23DAC4B27304DC9001309DF /* ContentView.swift in Sources */,
			);
			runOnlyForDeploymentPostprocessing = 0;
		};
		C23DAC5527304DCD001309DF /* Sources */ = {
			isa = PBXSourcesBuildPhase;
			buildActionMask = 2147483647;
			files = (
				C23DAC5E27304DCD001309DF /* simple_calculatorTests.swift in Sources */,
			);
			runOnlyForDeploymentPostprocessing = 0;
		};
		C23DAC6027304DCD001309DF /* Sources */ = {
			isa = PBXSourcesBuildPhase;
			buildActionMask = 2147483647;
			files = (
				C23DAC6927304DCD001309DF /* simple_calculatorUITests.swift in Sources */,
			);
			runOnlyForDeploymentPostprocessing = 0;
		};
/* End PBXSourcesBuildPhase section */

/* Begin PBXTargetDependency section */
		C23DAC5B27304DCD001309DF /* PBXTargetDependency */ = {
			isa = PBXTargetDependency;
			target = C23DAC4227304DC9001309DF /* simple calculator */;
			targetProxy = C23DAC5A27304DCD001309DF /* PBXContainerItemProxy */;
		};
		C23DAC6627304DCD001309DF /* PBXTargetDependency */ = {
			isa = PBXTargetDependency;
			target = C23DAC4227304DC9001309DF /* simple calculator */;
			targetProxy = C23DAC6527304DCD001309DF /* PBXContainerItemProxy */;
		};
/* End PBXTargetDependency section */

/* Begin PBXVariantGroup section */
		C23DAC5127304DCD001309DF /* LaunchScreen.storyboard */ = {
			isa = PBXVariantGroup;
			children = (
				C23DAC5227304DCD001309DF /* Base */,
			);
			name = LaunchScreen.storyboard;
			sourceTree = "<group>";
		};
/* End PBXVariantGroup section */

/* Begin XCBuildConfiguration section */
		C23DAC6B27304DCD001309DF /* Debug */ = {
			isa = XCBuildConfiguration;
			buildSettings = {
				ALWAYS_SEARCH_USER_PATHS = NO;
				CLANG_ANALYZER_NONNULL = YES;
				CLANG_ANALYZER_NUMBER_OBJECT_CONVERSION = YES_AGGRESSIVE;
				CLANG_CXX_LANGUAGE_STANDARD = "gnu++14";
				CLANG_CXX_LIBRARY = "libc++";
				CLANG_ENABLE_MODULES = YES;
				CLANG_ENABLE_OBJC_ARC = YES;
				CLANG_ENABLE_OBJC_WEAK = YES;
				CLANG_WARN_BLOCK_CAPTURE_AUTORELEASING = YES;
				CLANG_WARN_BOOL_CONVERSION = YES;
				CLANG_WARN_COMMA = YES;
				CLANG_WARN_CONSTANT_CONVERSION = YES;
				CLANG_WARN_DEPRECATED_OBJC_IMPLEMENTATIONS = YES;
				CLANG_WARN_DIRECT_OBJC_ISA_USAGE = YES_ERROR;
				CLANG_WARN_DOCUMENTATION_COMMENTS = YES;
				CLANG_WARN_EMPTY_BODY = YES;
				CLANG_WARN_ENUM_CONVERSION = YES;
				CLANG_WARN_INFINITE_RECURSION = YES;
				CLANG_WARN_INT_CONVERSION = YES;
				CLANG_WARN_NON_LITERAL_NULL_CONVERSION = YES;
				CLANG_WARN_OBJC_IMPLICIT_RETAIN_SELF = YES;
				CLANG_WARN_OBJC_LITERAL_CONVERSION = YES;
				CLANG_WARN_OBJC_ROOT_CLASS = YES_ERROR;
				CLANG_WARN_RANGE_LOOP_ANALYSIS = YES;
				CLANG_WARN_STRICT_PROTOTYPES = YES;
				CLANG_WARN_SUSPICIOUS_MOVE = YES;
				CLANG_WARN_UNGUARDED_AVAILABILITY = YES_AGGRESSIVE;
				CLANG_WARN_UNREACHABLE_CODE = YES;
				CLANG_WARN__DUPLICATE_METHOD_MATCH = YES;
				COPY_PHASE_STRIP = NO;
				DEBUG_INFORMATION_FORMAT = dwarf;
				ENABLE_STRICT_OBJC_MSGSEND = YES;
				ENABLE_TESTABILITY = YES;
				GCC_C_LANGUAGE_STANDARD = gnu11;
				GCC_DYNAMIC_NO_PIC = NO;
				GCC_NO_COMMON_BLOCKS = YES;
				GCC_OPTIMIZATION_LEVEL = 0;
				GCC_PREPROCESSOR_DEFINITIONS = (
					"DEBUG=1",
					"$(inherited)",
				);
				GCC_WARN_64_TO_32_BIT_CONVERSION = YES;
				GCC_WARN_ABOUT_RETURN_TYPE = YES_ERROR;
				GCC_WARN_UNDECLARED_SELECTOR = YES;
				GCC_WARN_UNINITIALIZED_AUTOS = YES_AGGRESSIVE;
				GCC_WARN_UNUSED_FUNCTION = YES;
				GCC_WARN_UNUSED_VARIABLE = YES;
				IPHONEOS_DEPLOYMENT_TARGET = 13.2;
				MTL_ENABLE_DEBUG_INFO = INCLUDE_SOURCE;
				MTL_FAST_MATH = YES;
				ONLY_ACTIVE_ARCH = YES;
				SDKROOT = iphoneos;
				SWIFT_ACTIVE_COMPILATION_CONDITIONS = DEBUG;
				SWIFT_OPTIMIZATION_LEVEL = "-Onone";
			};
			name = Debug;
		};
		C23DAC6C27304DCD001309DF /* Release */ = {
			isa = XCBuildConfiguration;
			buildSettings = {
				ALWAYS_SEARCH_USER_PATHS = NO;
				CLANG_ANALYZER_NONNULL = YES;
				CLANG_ANALYZER_NUMBER_OBJECT_CONVERSION = YES_AGGRESSIVE;
				CLANG_CXX_LANGUAGE_STANDARD = "gnu++14";
				CLANG_CXX_LIBRARY = "libc++";
				CLANG_ENABLE_MODULES = YES;
				CLANG_ENABLE_OBJC_ARC = YES;
				CLANG_ENABLE_OBJC_WEAK = YES;
				CLANG_WARN_BLOCK_CAPTURE_AUTORELEASING = YES;
				CLANG_WARN_BOOL_CONVERSION = YES;
				CLANG_WARN_COMMA = YES;
				CLANG_WARN_CONSTANT_CONVERSION = YES;
				CLANG_WARN_DEPRECATED_OBJC_IMPLEMENTATIONS = YES;
				CLANG_WARN_DIRECT_OBJC_ISA_USAGE = YES_ERROR;
				CLANG_WARN_DOCUMENTATION_COMMENTS = YES;
				CLANG_WARN_EMPTY_BODY = YES;
				CLANG_WARN_ENUM_CONVERSION = YES;
				CLANG_WARN_INFINITE_RECURSION = YES;
				CLANG_WARN_INT_CONVERSION = YES;
				CLANG_WARN_NON_LITERAL_NULL_CONVERSION = YES;
				CLANG_WARN_OBJC_IMPLICIT_RETAIN_SELF = YES;
				CLANG_WARN_OBJC_LITERAL_CONVERSION = YES;
				CLANG_WARN_OBJC_ROOT_CLASS = YES_ERROR;
				CLANG_WARN_RANGE_LOOP_ANALYSIS = YES;
				CLANG_WARN_STRICT_PROTOTYPES = YES;
				CLANG_WARN_SUSPICIOUS_MOVE = YES;
				CLANG_WARN_UNGUARDED_AVAILABILITY = YES_AGGRESSIVE;
				CLANG_WARN_UNREACHABLE_CODE = YES;
				CLANG_WARN__DUPLICATE_METHOD_MATCH = YES;
				COPY_PHASE_STRIP = NO;
				DEBUG_INFORMATION_FORMAT = "dwarf-with-dsym";
				ENABLE_NS_ASSERTIONS = NO;
				ENABLE_STRICT_OBJC_MSGSEND = YES;
				GCC_C_LANGUAGE_STANDARD = gnu11;
				GCC_NO_COMMON_BLOCKS = YES;
				GCC_WARN_64_TO_32_BIT_CONVERSION = YES;
				GCC_WARN_ABOUT_RETURN_TYPE = YES_ERROR;
				GCC_WARN_UNDECLARED_SELECTOR = YES;
				GCC_WARN_UNINITIALIZED_AUTOS = YES_AGGRESSIVE;
				GCC_WARN_UNUSED_FUNCTION = YES;
				GCC_WARN_UNUSED_VARIABLE = YES;
				IPHONEOS_DEPLOYMENT_TARGET = 13.2;
				MTL_ENABLE_DEBUG_INFO = NO;
				MTL_FAST_MATH = YES;
				SDKROOT = iphoneos;
				SWIFT_COMPILATION_MODE = wholemodule;
				SWIFT_OPTIMIZATION_LEVEL = "-O";
				VALIDATE_PRODUCT = YES;
			};
			name = Release;
		};
		C23DAC6E27304DCD001309DF /* Debug */ = {
			isa = XCBuildConfiguration;
			buildSettings = {
				ASSETCATALOG_COMPILER_APPICON_NAME = AppIcon;
				CODE_SIGN_STYLE = Automatic;
				DEVELOPMENT_ASSET_PATHS = "\"simple calculator/Preview Content\"";
				ENABLE_PREVIEWS = YES;
				INFOPLIST_FILE = "simple calculator/Info.plist";
				LD_RUNPATH_SEARCH_PATHS = (
					"$(inherited)",
					"@executable_path/Frameworks",
				);
				PRODUCT_BUNDLE_IDENTIFIER = "com.newagedevs.simple-calculator";
				PRODUCT_NAME = "$(TARGET_NAME)";
				SWIFT_VERSION = 5.0;
				TARGETED_DEVICE_FAMILY = "1,2";
			};
			name = Debug;
		};
		C23DAC6F27304DCD001309DF /* Release */ = {
			isa = XCBuildConfiguration;
			buildSettings = {
				ASSETCATALOG_COMPILER_APPICON_NAME = AppIcon;
				CODE_SIGN_STYLE = Automatic;
				DEVELOPMENT_ASSET_PATHS = "\"simple calculator/Preview Content\"";
				ENABLE_PREVIEWS = YES;
				INFOPLIST_FILE = "simple calculator/Info.plist";
				LD_RUNPATH_SEARCH_PATHS = (
					"$(inherited)",
					"@executable_path/Frameworks",
				);
				PRODUCT_BUNDLE_IDENTIFIER = "com.newagedevs.simple-calculator";
				PRODUCT_NAME = "$(TARGET_NAME)";
				SWIFT_VERSION = 5.0;
				TARGETED_DEVICE_FAMILY = "1,2";
			};
			name = Release;
		};
		C23DAC7127304DCD001309DF /* Debug */ = {
			isa = XCBuildConfiguration;
			buildSettings = {
				ALWAYS_EMBED_SWIFT_STANDARD_LIBRARIES = YES;
				BUNDLE_LOADER = "$(TEST_HOST)";
				CODE_SIGN_STYLE = Automatic;
				INFOPLIST_FILE = "simple calculatorTests/Info.plist";
				IPHONEOS_DEPLOYMENT_TARGET = 13.2;
				LD_RUNPATH_SEARCH_PATHS = (
					"$(inherited)",
					"@executable_path/Frameworks",
					"@loader_path/Frameworks",
				);
				PRODUCT_BUNDLE_IDENTIFIER = "com.newagedevs.simple-calculatorTests";
				PRODUCT_NAME = "$(TARGET_NAME)";
				SWIFT_VERSION = 5.0;
				TARGETED_DEVICE_FAMILY = "1,2";
				TEST_HOST = "$(BUILT_PRODUCTS_DIR)/simple calculator.app/simple calculator";
			};
			name = Debug;
		};
		C23DAC7227304DCD001309DF /* Release */ = {
			isa = XCBuildConfiguration;
			buildSettings = {
				ALWAYS_EMBED_SWIFT_STANDARD_LIBRARIES = YES;
				BUNDLE_LOADER = "$(TEST_HOST)";
				CODE_SIGN_STYLE = Automatic;
				INFOPLIST_FILE = "simple calculatorTests/Info.plist";
				IPHONEOS_DEPLOYMENT_TARGET = 13.2;
				LD_RUNPATH_SEARCH_PATHS = (
					"$(inherited)",
					"@executable_path/Frameworks",
					"@loader_path/Frameworks",
				);
				PRODUCT_BUNDLE_IDENTIFIER = "com.newagedevs.simple-calculatorTests";
				PRODUCT_NAME = "$(TARGET_NAME)";
				SWIFT_VERSION = 5.0;
				TARGETED_DEVICE_FAMILY = "1,2";
				TEST_HOST = "$(BUILT_PRODUCTS_DIR)/simple calculator.app/simple calculator";
			};
			name = Release;
		};
		C23DAC7427304DCD001309DF /* Debug */ = {
			isa = XCBuildConfiguration;
			buildSettings = {
				ALWAYS_EMBED_SWIFT_STANDARD_LIBRARIES = YES;
				CODE_SIGN_STYLE = Automatic;
				INFOPLIST_FILE = "simple calculatorUITests/Info.plist";
				LD_RUNPATH_SEARCH_PATHS = (
					"$(inherited)",
					"@executable_path/Frameworks",
					"@loader_path/Frameworks",
				);
				PRODUCT_BUNDLE_IDENTIFIER = "com.newagedevs.simple-calculatorUITests";
				PRODUCT_NAME = "$(TARGET_NAME)";
				SWIFT_VERSION = 5.0;
				TARGETED_DEVICE_FAMILY = "1,2";
				TEST_TARGET_NAME = "simple calculator";
			};
			name = Debug;
		};
		C23DAC7527304DCD001309DF /* Release */ = {
			isa = XCBuildConfiguration;
			buildSettings = {
				ALWAYS_EMBED_SWIFT_STANDARD_LIBRARIES = YES;
				CODE_SIGN_STYLE = Automatic;
				INFOPLIST_FILE = "simple calculatorUITests/Info.plist";
				LD_RUNPATH_SEARCH_PATHS = (
					"$(inherited)",
					"@executable_path/Frameworks",
					"@loader_path/Frameworks",
				);
				PRODUCT_BUNDLE_IDENTIFIER = "com.newagedevs.simple-calculatorUITests";
				PRODUCT_NAME = "$(TARGET_NAME)";
				SWIFT_VERSION = 5.0;
				TARGETED_DEVICE_FAMILY = "1,2";
				TEST_TARGET_NAME = "simple calculator";
			};
			name = Release;
		};
/* End XCBuildConfiguration section */

/* Begin XCConfigurationList section */
		C23DAC3E27304DC9001309DF /* Build configuration list for PBXProject "simple calculator" */ = {
			isa = XCConfigurationList;
			buildConfigurations = (
				C23DAC6B27304DCD001309DF /* Debug */,
				C23DAC6C27304DCD001309DF /* Release */,
			);
			defaultConfigurationIsVisible = 0;
			defaultConfigurationName = Release;
		};
		C23DAC6D27304DCD001309DF /* Build configuration list for PBXNativeTarget "simple calculator" */ = {
			isa = XCConfigurationList;
			buildConfigurations = (
				C23DAC6E27304DCD001309DF /* Debug */,
				C23DAC6F27304DCD001309DF /* Release */,
			);
			defaultConfigurationIsVisible = 0;
			defaultConfigurationName = Release;
		};
		C23DAC7027304DCD001309DF /* Build configuration list for PBXNativeTarget "simple calculatorTests" */ = {
			isa = XCConfigurationList;
			buildConfigurations = (
				C23DAC7127304DCD001309DF /* Debug */,
				C23DAC7227304DCD001309DF /* Release */,
			);
			defaultConfigurationIsVisible = 0;
			defaultConfigurationName = Release;
		};
		C23DAC7327304DCD001309DF /* Build configuration list for PBXNativeTarget "simple calculatorUITests" */ = {
			isa = XCConfigurationList;
			buildConfigurations = (
				C23DAC7427304DCD001309DF /* Debug */,
				C23DAC7527304DCD001309DF /* Release */,
			);
			defaultConfigurationIsVisible = 0;
			defaultConfigurationName = Release;
		};
/* End XCConfigurationList section */
	};
	rootObject = C23DAC3B27304DC9001309DF /* Project object */;
}
